
Microsoft Visual Studio Solution File, Format Version 12.00
# Visual Studio Version 16
VisualStudioVersion = 16.0.31205.134
MinimumVisualStudioVersion = 10.0.40219.1
Project("{FAE04EC0-301F-11D3-BF4B-00C04F79EFBC}") = "ZipDriver", "ZipDriver\ZipDriver.csproj", "{4D6DC0BD-7F03-4F99-BC77-836B76332817}"
EndProject
Global
	GlobalSection(SolutionConfigurationPlatforms) = preSolution
		Debug|Any CPU = Debug|Any CPU
		Release|Any CPU = Release|Any CPU
	EndGlobalSection
	GlobalSection(ProjectConfigurationPlatforms) = postSolution
		{4D6DC0BD-7F03-4F99-BC77-836B76332817}.Debug|Any CPU.ActiveCfg = Debug|Any CPU
		{4D6DC0BD-7F03-4F99-BC77-836B76332817}.Debug|Any CPU.Build.0 = Debug|Any CPU
		{4D6DC0BD-7F03-4F99-BC77-836B76332817}.Release|Any CPU.ActiveCfg = Release|Any CPU
		{4D6DC0BD-7F03-4F99-BC77-836B76332817}.Release|Any CPU.Build.0 = Release|Any CPU
	EndGlobalSection
	GlobalSection(SolutionProperties) = preSolution
		HideSolutionNode = FALSE
	EndGlobalSection
	GlobalSection(ExtensibilityGlobals) = postSolution
		SolutionGuid = {577F6422-97B6-4A69-87B2-1D399FB6979B}
	EndGlobalSection
EndGlobal
